{
    "version": "0.5",
    "requires": [
        "zlib/1.3.2#7785cdb3a85f7c138a9c4f91f36ba701%1783767375.375649",
        "sqlite3/3.53.1#886c510c5d3908b84a9b0766ac958cce%1783767375.4501052",
        "proj/9.3.1#29d7cde88e270fd3a138bb0f32a8438b%1783767375.431683",
        "nlohmann_json/3.11.3#45828be26eb619a2e04ca517bb7b828d%1783767375.441237",
        "netcdf-fortran/4.6.2#e638918700dfd21415f3e9abc6599347%1783767375.407215",
        "netcdf/4.9.2#e00ad1c4e3eeb20c349e50029e4c1306%1783767375.401376",
        "libtiff/4.7.1#c9a3c594b285692ffc74dabd0b1f7640%1783767375.4144168",
        "libgeotiff/1.7.1#94cf0d7b12e8876c6590548445f02d6d%1783767375.478142",
        "json-c/0.17#c01dc2f90ca2785d218c9c12d2587c69%1783767375.4709709",
        "hdf5/1.14.2#180b981e0bcc9e8903f1fe352ac82c66%1783767375.383142",
        "gdal/3.12.1#13e5f15ce622653921ed730f716f3940%1783767375.46172",
        "expat/2.8.0#a853bee3816ac79a899532786508152a%1783767375.487107"
    ],
    "build_requires": [
        "sqlite3/3.53.1#886c510c5d3908b84a9b0766ac958cce%1783767375.4501052",
        "cmake/4.3.2#5bae0b181463ca4dc3e924a981367ee6%1783767375.423424",
        "cmake/3.31.12#173a926abc2b77f03c826b6fd6539426%1783767375.393551"
    ],
    "python_requires": [],
    "config_requires": []
}
